
Microsoft Visual Studio Solution File, Format Version 12.00
# Visual Studio 15
VisualStudioVersion = 15.0.28307.421
MinimumVisualStudioVersion = 10.0.40219.1
Project("{888888A0-9F3D-457C-B088-3A5042F75D52}") = "GuitarNotator", "GuitarNotator.pyproj", "{2E8E6231-E726-4EDD-BCE0-C97BDFC31B7A}"
EndProject
Global
	GlobalSection(SolutionConfigurationPlatforms) = preSolution
		Debug|Any CPU = Debug|Any CPU
		Release|Any CPU = Release|Any CPU
	EndGlobalSection
	GlobalSection(ProjectConfigurationPlatforms) = postSolution
		{2E8E6231-E726-4EDD-BCE0-C97BDFC31B7A}.Debug|Any CPU.ActiveCfg = Debug|Any CPU
		{2E8E6231-E726-4EDD-BCE0-C97BDFC31B7A}.Release|Any CPU.ActiveCfg = Release|Any CPU
	EndGlobalSection
	GlobalSection(SolutionProperties) = preSolution
		HideSolutionNode = FALSE
	EndGlobalSection
	GlobalSection(ExtensibilityGlobals) = postSolution
		SolutionGuid = {41BF33AB-5A25-4F28-B5C6-418DB2E0AB39}
	EndGlobalSection
EndGlobal
